
Microsoft Visual Studio Solution File, Format Version 12.00
Project("{FAE04EC0-301F-11D3-BF4B-00C04F79EFBC}") = "WebApp", "WebApp\WebApp.csproj", "{C15F1AB5-524E-4583-9F69-249255EC8D2E}"
EndProject
Project("{FAE04EC0-301F-11D3-BF4B-00C04F79EFBC}") = "Domain.App", "Domain.App\Domain.App.csproj", "{AEA46236-FC69-4C49-A1DE-0BE590DDB4FB}"
EndProject
Project("{2150E333-8FDC-42A3-9474-1A3956D46DE8}") = "Domain", "Domain", "{0BC8F529-16CE-41BE-9664-320A9FBD2E0E}"
EndProject
Project("{FAE04EC0-301F-11D3-BF4B-00C04F79EFBC}") = "Domain.Base", "Domain.Base\Domain.Base.csproj", "{5261FDE5-5F74-430E-B711-396C4EE4C12F}"
EndProject
Project("{FAE04EC0-301F-11D3-BF4B-00C04F79EFBC}") = "Models", "Models\Models.csproj", "{688C25A7-864E-4702-95EF-E5DFF32953F7}"
EndProject
Project("{2150E333-8FDC-42A3-9474-1A3956D46DE8}") = "DAL", "DAL", "{F585FEEE-F504-4CFF-BF9A-46C48E538976}"
EndProject
Project("{FAE04EC0-301F-11D3-BF4B-00C04F79EFBC}") = "DAL.App.DTO", "DAL.App.DTO\DAL.App.DTO.csproj", "{B31A2F0D-B1F4-4740-8ED6-417EEAA8BD1E}"
EndProject
Project("{FAE04EC0-301F-11D3-BF4B-00C04F79EFBC}") = "Extensions", "Extensions\Extensions.csproj", "{D36099E4-6025-40F6-AE18-8113A76BE67D}"
EndProject
Project("{FAE04EC0-301F-11D3-BF4B-00C04F79EFBC}") = "Contracts.DAL.App", "Contracts.DAL.App\Contracts.DAL.App.csproj", "{57269959-864F-4BDF-B75C-85C6AD755EFB}"
EndProject
Project("{FAE04EC0-301F-11D3-BF4B-00C04F79EFBC}") = "Contracts.DAL.Base", "Contracts.DAL.Base\Contracts.DAL.Base.csproj", "{754D1C25-B748-482E-91E5-75C1A1C123AB}"
EndProject
Project("{FAE04EC0-301F-11D3-BF4B-00C04F79EFBC}") = "DAL.App.EF", "DAL.App.EF\DAL.App.EF.csproj", "{EB4B8E68-0BEE-4F06-84DB-D0B4A56FF7B4}"
EndProject
Project("{FAE04EC0-301F-11D3-BF4B-00C04F79EFBC}") = "DAL.Base", "DAL.Base\DAL.Base.csproj", "{22EFE053-7BFA-4047-9230-C2463F7717F6}"
EndProject
Project("{FAE04EC0-301F-11D3-BF4B-00C04F79EFBC}") = "DAL.Base.EF", "DAL.Base.EF\DAL.Base.EF.csproj", "{F883CE58-008B-431C-9994-9D152F18A2FA}"
EndProject
Project("{2150E333-8FDC-42A3-9474-1A3956D46DE8}") = "BLL", "BLL", "{A821F65F-0BD5-48C7-8EC3-0475F5A690FE}"
EndProject
Project("{FAE04EC0-301F-11D3-BF4B-00C04F79EFBC}") = "BLL.App", "BLL.App\BLL.App.csproj", "{548D8228-9FAC-431F-A44A-0AD393C16BDF}"
EndProject
Project("{FAE04EC0-301F-11D3-BF4B-00C04F79EFBC}") = "BLL.App.DTO", "BLL.App.DTO\BLL.App.DTO.csproj", "{3B8F73F8-A66D-42A6-8A7D-63F07285737B}"
EndProject
Project("{FAE04EC0-301F-11D3-BF4B-00C04F79EFBC}") = "BLL.Base", "BLL.Base\BLL.Base.csproj", "{015AD1AE-BBB9-480D-BC20-9A7D3AF79039}"
EndProject
Project("{FAE04EC0-301F-11D3-BF4B-00C04F79EFBC}") = "Contracts.BLL.App", "Contracts.BLL.App\Contracts.BLL.App.csproj", "{58D88CFF-C5D2-4CFB-849F-DD9A8F5D0430}"
EndProject
Project("{FAE04EC0-301F-11D3-BF4B-00C04F79EFBC}") = "Contracts.BLL.Base", "Contracts.BLL.Base\Contracts.BLL.Base.csproj", "{50C3FE2A-B5AA-446B-BAA5-911127C3240F}"
EndProject
Project("{FAE04EC0-301F-11D3-BF4B-00C04F79EFBC}") = "API.DTO", "API.DTO\API.DTO.csproj", "{ABFF81DB-0B28-409A-A1D2-F8C92C542D6E}"
EndProject
Global
	GlobalSection(SolutionConfigurationPlatforms) = preSolution
		Debug|Any CPU = Debug|Any CPU
		Release|Any CPU = Release|Any CPU
	EndGlobalSection
	GlobalSection(ProjectConfigurationPlatforms) = postSolution
		{C15F1AB5-524E-4583-9F69-249255EC8D2E}.Debug|Any CPU.ActiveCfg = Debug|Any CPU
		{C15F1AB5-524E-4583-9F69-249255EC8D2E}.Debug|Any CPU.Build.0 = Debug|Any CPU
		{C15F1AB5-524E-4583-9F69-249255EC8D2E}.Release|Any CPU.ActiveCfg = Release|Any CPU
		{C15F1AB5-524E-4583-9F69-249255EC8D2E}.Release|Any CPU.Build.0 = Release|Any CPU
		{AEA46236-FC69-4C49-A1DE-0BE590DDB4FB}.Debug|Any CPU.ActiveCfg = Debug|Any CPU
		{AEA46236-FC69-4C49-A1DE-0BE590DDB4FB}.Debug|Any CPU.Build.0 = Debug|Any CPU
		{AEA46236-FC69-4C49-A1DE-0BE590DDB4FB}.Release|Any CPU.ActiveCfg = Release|Any CPU
		{AEA46236-FC69-4C49-A1DE-0BE590DDB4FB}.Release|Any CPU.Build.0 = Release|Any CPU
		{5261FDE5-5F74-430E-B711-396C4EE4C12F}.Debug|Any CPU.ActiveCfg = Debug|Any CPU
		{5261FDE5-5F74-430E-B711-396C4EE4C12F}.Debug|Any CPU.Build.0 = Debug|Any CPU
		{5261FDE5-5F74-430E-B711-396C4EE4C12F}.Release|Any CPU.ActiveCfg = Release|Any CPU
		{5261FDE5-5F74-430E-B711-396C4EE4C12F}.Release|Any CPU.Build.0 = Release|Any CPU
		{688C25A7-864E-4702-95EF-E5DFF32953F7}.Debug|Any CPU.ActiveCfg = Debug|Any CPU
		{688C25A7-864E-4702-95EF-E5DFF32953F7}.Debug|Any CPU.Build.0 = Debug|Any CPU
		{688C25A7-864E-4702-95EF-E5DFF32953F7}.Release|Any CPU.ActiveCfg = Release|Any CPU
		{688C25A7-864E-4702-95EF-E5DFF32953F7}.Release|Any CPU.Build.0 = Release|Any CPU
		{B31A2F0D-B1F4-4740-8ED6-417EEAA8BD1E}.Debug|Any CPU.ActiveCfg = Debug|Any CPU
		{B31A2F0D-B1F4-4740-8ED6-417EEAA8BD1E}.Debug|Any CPU.Build.0 = Debug|Any CPU
		{B31A2F0D-B1F4-4740-8ED6-417EEAA8BD1E}.Release|Any CPU.ActiveCfg = Release|Any CPU
		{B31A2F0D-B1F4-4740-8ED6-417EEAA8BD1E}.Release|Any CPU.Build.0 = Release|Any CPU
		{D36099E4-6025-40F6-AE18-8113A76BE67D}.Debug|Any CPU.ActiveCfg = Debug|Any CPU
		{D36099E4-6025-40F6-AE18-8113A76BE67D}.Debug|Any CPU.Build.0 = Debug|Any CPU
		{D36099E4-6025-40F6-AE18-8113A76BE67D}.Release|Any CPU.ActiveCfg = Release|Any CPU
		{D36099E4-6025-40F6-AE18-8113A76BE67D}.Release|Any CPU.Build.0 = Release|Any CPU
		{57269959-864F-4BDF-B75C-85C6AD755EFB}.Debug|Any CPU.ActiveCfg = Debug|Any CPU
		{57269959-864F-4BDF-B75C-85C6AD755EFB}.Debug|Any CPU.Build.0 = Debug|Any CPU
		{57269959-864F-4BDF-B75C-85C6AD755EFB}.Release|Any CPU.ActiveCfg = Release|Any CPU
		{57269959-864F-4BDF-B75C-85C6AD755EFB}.Release|Any CPU.Build.0 = Release|Any CPU
		{754D1C25-B748-482E-91E5-75C1A1C123AB}.Debug|Any CPU.ActiveCfg = Debug|Any CPU
		{754D1C25-B748-482E-91E5-75C1A1C123AB}.Debug|Any CPU.Build.0 = Debug|Any CPU
		{754D1C25-B748-482E-91E5-75C1A1C123AB}.Release|Any CPU.ActiveCfg = Release|Any CPU
		{754D1C25-B748-482E-91E5-75C1A1C123AB}.Release|Any CPU.Build.0 = Release|Any CPU
		{EB4B8E68-0BEE-4F06-84DB-D0B4A56FF7B4}.Debug|Any CPU.ActiveCfg = Debug|Any CPU
		{EB4B8E68-0BEE-4F06-84DB-D0B4A56FF7B4}.Debug|Any CPU.Build.0 = Debug|Any CPU
		{EB4B8E68-0BEE-4F06-84DB-D0B4A56FF7B4}.Release|Any CPU.ActiveCfg = Release|Any CPU
		{EB4B8E68-0BEE-4F06-84DB-D0B4A56FF7B4}.Release|Any CPU.Build.0 = Release|Any CPU
		{22EFE053-7BFA-4047-9230-C2463F7717F6}.Debug|Any CPU.ActiveCfg = Debug|Any CPU
		{22EFE053-7BFA-4047-9230-C2463F7717F6}.Debug|Any CPU.Build.0 = Debug|Any CPU
		{22EFE053-7BFA-4047-9230-C2463F7717F6}.Release|Any CPU.ActiveCfg = Release|Any CPU
		{22EFE053-7BFA-4047-9230-C2463F7717F6}.Release|Any CPU.Build.0 = Release|Any CPU
		{F883CE58-008B-431C-9994-9D152F18A2FA}.Debug|Any CPU.ActiveCfg = Debug|Any CPU
		{F883CE58-008B-431C-9994-9D152F18A2FA}.Debug|Any CPU.Build.0 = Debug|Any CPU
		{F883CE58-008B-431C-9994-9D152F18A2FA}.Release|Any CPU.ActiveCfg = Release|Any CPU
		{F883CE58-008B-431C-9994-9D152F18A2FA}.Release|Any CPU.Build.0 = Release|Any CPU
		{548D8228-9FAC-431F-A44A-0AD393C16BDF}.Debug|Any CPU.ActiveCfg = Debug|Any CPU
		{548D8228-9FAC-431F-A44A-0AD393C16BDF}.Debug|Any CPU.Build.0 = Debug|Any CPU
		{548D8228-9FAC-431F-A44A-0AD393C16BDF}.Release|Any CPU.ActiveCfg = Release|Any CPU
		{548D8228-9FAC-431F-A44A-0AD393C16BDF}.Release|Any CPU.Build.0 = Release|Any CPU
		{3B8F73F8-A66D-42A6-8A7D-63F07285737B}.Debug|Any CPU.ActiveCfg = Debug|Any CPU
		{3B8F73F8-A66D-42A6-8A7D-63F07285737B}.Debug|Any CPU.Build.0 = Debug|Any CPU
		{3B8F73F8-A66D-42A6-8A7D-63F07285737B}.Release|Any CPU.ActiveCfg = Release|Any CPU
		{3B8F73F8-A66D-42A6-8A7D-63F07285737B}.Release|Any CPU.Build.0 = Release|Any CPU
		{015AD1AE-BBB9-480D-BC20-9A7D3AF79039}.Debug|Any CPU.ActiveCfg = Debug|Any CPU
		{015AD1AE-BBB9-480D-BC20-9A7D3AF79039}.Debug|Any CPU.Build.0 = Debug|Any CPU
		{015AD1AE-BBB9-480D-BC20-9A7D3AF79039}.Release|Any CPU.ActiveCfg = Release|Any CPU
		{015AD1AE-BBB9-480D-BC20-9A7D3AF79039}.Release|Any CPU.Build.0 = Release|Any CPU
		{58D88CFF-C5D2-4CFB-849F-DD9A8F5D0430}.Debug|Any CPU.ActiveCfg = Debug|Any CPU
		{58D88CFF-C5D2-4CFB-849F-DD9A8F5D0430}.Debug|Any CPU.Build.0 = Debug|Any CPU
		{58D88CFF-C5D2-4CFB-849F-DD9A8F5D0430}.Release|Any CPU.ActiveCfg = Release|Any CPU
		{58D88CFF-C5D2-4CFB-849F-DD9A8F5D0430}.Release|Any CPU.Build.0 = Release|Any CPU
		{50C3FE2A-B5AA-446B-BAA5-911127C3240F}.Debug|Any CPU.ActiveCfg = Debug|Any CPU
		{50C3FE2A-B5AA-446B-BAA5-911127C3240F}.Debug|Any CPU.Build.0 = Debug|Any CPU
		{50C3FE2A-B5AA-446B-BAA5-911127C3240F}.Release|Any CPU.ActiveCfg = Release|Any CPU
		{50C3FE2A-B5AA-446B-BAA5-911127C3240F}.Release|Any CPU.Build.0 = Release|Any CPU
		{ABFF81DB-0B28-409A-A1D2-F8C92C542D6E}.Debug|Any CPU.ActiveCfg = Debug|Any CPU
		{ABFF81DB-0B28-409A-A1D2-F8C92C542D6E}.Debug|Any CPU.Build.0 = Debug|Any CPU
		{ABFF81DB-0B28-409A-A1D2-F8C92C542D6E}.Release|Any CPU.ActiveCfg = Release|Any CPU
		{ABFF81DB-0B28-409A-A1D2-F8C92C542D6E}.Release|Any CPU.Build.0 = Release|Any CPU
	EndGlobalSection
	GlobalSection(NestedProjects) = preSolution
		{AEA46236-FC69-4C49-A1DE-0BE590DDB4FB} = {0BC8F529-16CE-41BE-9664-320A9FBD2E0E}
		{5261FDE5-5F74-430E-B711-396C4EE4C12F} = {0BC8F529-16CE-41BE-9664-320A9FBD2E0E}
		{688C25A7-864E-4702-95EF-E5DFF32953F7} = {0BC8F529-16CE-41BE-9664-320A9FBD2E0E}
		{B31A2F0D-B1F4-4740-8ED6-417EEAA8BD1E} = {F585FEEE-F504-4CFF-BF9A-46C48E538976}
		{EB4B8E68-0BEE-4F06-84DB-D0B4A56FF7B4} = {F585FEEE-F504-4CFF-BF9A-46C48E538976}
		{22EFE053-7BFA-4047-9230-C2463F7717F6} = {F585FEEE-F504-4CFF-BF9A-46C48E538976}
		{754D1C25-B748-482E-91E5-75C1A1C123AB} = {F585FEEE-F504-4CFF-BF9A-46C48E538976}
		{57269959-864F-4BDF-B75C-85C6AD755EFB} = {F585FEEE-F504-4CFF-BF9A-46C48E538976}
		{F883CE58-008B-431C-9994-9D152F18A2FA} = {F585FEEE-F504-4CFF-BF9A-46C48E538976}
		{548D8228-9FAC-431F-A44A-0AD393C16BDF} = {A821F65F-0BD5-48C7-8EC3-0475F5A690FE}
		{3B8F73F8-A66D-42A6-8A7D-63F07285737B} = {A821F65F-0BD5-48C7-8EC3-0475F5A690FE}
		{015AD1AE-BBB9-480D-BC20-9A7D3AF79039} = {A821F65F-0BD5-48C7-8EC3-0475F5A690FE}
		{50C3FE2A-B5AA-446B-BAA5-911127C3240F} = {A821F65F-0BD5-48C7-8EC3-0475F5A690FE}
		{58D88CFF-C5D2-4CFB-849F-DD9A8F5D0430} = {A821F65F-0BD5-48C7-8EC3-0475F5A690FE}
	EndGlobalSection
EndGlobal
